// !$*UTF8*$!
{
	archiveVersion = 1;
	classes = {
	};
	objectVersion = 56;
	objects = {

/* Begin PBXBuildFile section */
		13F915022B91F5BA0097598D /* AppDelegate.swift in Sources */ = {isa = PBXBuildFile; fileRef = 13F915012B91F5BA0097598D /* AppDelegate.swift */; };
		13F915042B91F5BA0097598D /* SceneDelegate.swift in Sources */ = {isa = PBXBuildFile; fileRef = 13F915032B91F5BA0097598D /* SceneDelegate.swift */; };
		13F915062B91F5BA0097598D /* ViewController.swift in Sources */ = {isa = PBXBuildFile; fileRef = 13F915052B91F5BA0097598D /* ViewController.swift */; };
		13F915092B91F5BA0097598D /* Main.storyboard in Resources */ = {isa = PBXBuildFile; fileRef = 13F915072B91F5BA0097598D /* Main.storyboard */; };
		13F9150B2B91F5C10097598D /* Assets.xcassets in Resources */ = {isa = PBXBuildFile; fileRef = 13F9150A2B91F5C10097598D /* Assets.xcassets */; };
		13F9150E2B91F5C10097598D /* LaunchScreen.storyboard in Resources */ = {isa = PBXBuildFile; fileRef = 13F9150C2B91F5C10097598D /* LaunchScreen.storyboard */; };
		13F915192B91F5C20097598D /* MusicAppsTests.swift in Sources */ = {isa = PBXBuildFile; fileRef = 13F915182B91F5C20097598D /* MusicAppsTests.swift */; };
		13F915232B91F5C20097598D /* MusicAppsUITests.swift in Sources */ = {isa = PBXBuildFile; fileRef = 13F915222B91F5C20097598D /* MusicAppsUITests.swift */; };
		13F915252B91F5C20097598D /* MusicAppsUITestsLaunchTests.swift in Sources */ = {isa = PBXBuildFile; fileRef = 13F915242B91F5C20097598D /* MusicAppsUITestsLaunchTests.swift */; };
		13F915422B91F5F50097598D /* MovieViewController.swift in Sources */ = {isa = PBXBuildFile; fileRef = 13F915322B91F5F40097598D /* MovieViewController.swift */; };
		13F915432B91F5F50097598D /* VideoViewController.swift in Sources */ = {isa = PBXBuildFile; fileRef = 13F915332B91F5F40097598D /* VideoViewController.swift */; };
		13F915442B91F5F50097598D /* MovieDetailViewController.swift in Sources */ = {isa = PBXBuildFile; fileRef = 13F915342B91F5F40097598D /* MovieDetailViewController.swift */; };
		13F915452B91F5F50097598D /* SocialDecisionCollectionViewCell.swift in Sources */ = {isa = PBXBuildFile; fileRef = 13F915362B91F5F40097598D /* SocialDecisionCollectionViewCell.swift */; };
		13F915462B91F5F50097598D /* CastCollectionViewCell.swift in Sources */ = {isa = PBXBuildFile; fileRef = 13F915372B91F5F40097598D /* CastCollectionViewCell.swift */; };
		13F915472B91F5F50097598D /* HomeCollectionViewCell.swift in Sources */ = {isa = PBXBuildFile; fileRef = 13F915382B91F5F40097598D /* HomeCollectionViewCell.swift */; };
		13F915482B91F5F50097598D /* Cell.swift in Sources */ = {isa = PBXBuildFile; fileRef = 13F915392B91F5F40097598D /* Cell.swift */; };
		13F915492B91F5F50097598D /* recommendationTrailerCollectionViewCell.swift in Sources */ = {isa = PBXBuildFile; fileRef = 13F9153A2B91F5F40097598D /* recommendationTrailerCollectionViewCell.swift */; };
		13F9154A2B91F5F50097598D /* SocialDecisionCollectionViewCell.xib in Resources */ = {isa = PBXBuildFile; fileRef = 13F9153B2B91F5F40097598D /* SocialDecisionCollectionViewCell.xib */; };
		13F9154B2B91F5F50097598D /* SocialReviewCollectionViewCell.xib in Resources */ = {isa = PBXBuildFile; fileRef = 13F9153C2B91F5F40097598D /* SocialReviewCollectionViewCell.xib */; };
		13F9154C2B91F5F50097598D /* TrailerCollectionViewCell.swift in Sources */ = {isa = PBXBuildFile; fileRef = 13F9153D2B91F5F40097598D /* TrailerCollectionViewCell.swift */; };
		13F9154D2B91F5F50097598D /* SocialReviewCollectionViewCell.swift in Sources */ = {isa = PBXBuildFile; fileRef = 13F9153E2B91F5F40097598D /* SocialReviewCollectionViewCell.swift */; };
		13F9154E2B91F5F50097598D /* 1234.jpeg in Resources */ = {isa = PBXBuildFile; fileRef = 13F915402B91F5F50097598D /* 1234.jpeg */; };
		13F9154F2B91F5F50097598D /* Image.png in Resources */ = {isa = PBXBuildFile; fileRef = 13F915412B91F5F50097598D /* Image.png */; };
		13F915582B91F6A20097598D /* MovieModal.swift in Sources */ = {isa = PBXBuildFile; fileRef = 13F915532B91F6A20097598D /* MovieModal.swift */; };
		13F915592B91F6A20097598D /* CreditsModel.swift in Sources */ = {isa = PBXBuildFile; fileRef = 13F915542B91F6A20097598D /* CreditsModel.swift */; };
		13F9155A2B91F6A20097598D /* MovieDetailModel.swift in Sources */ = {isa = PBXBuildFile; fileRef = 13F915552B91F6A20097598D /* MovieDetailModel.swift */; };
		13F9155B2B91F6A20097598D /* VideoModel.swift in Sources */ = {isa = PBXBuildFile; fileRef = 13F915562B91F6A20097598D /* VideoModel.swift */; };
		13F9155C2B91F6A20097598D /* MovieResponseModel.swift in Sources */ = {isa = PBXBuildFile; fileRef = 13F915572B91F6A20097598D /* MovieResponseModel.swift */; };
		13F915622B91F6B70097598D /* MovieService.swift in Sources */ = {isa = PBXBuildFile; fileRef = 13F9155E2B91F6B70097598D /* MovieService.swift */; };
		13F915632B91F6B70097598D /* ForRent.swift in Sources */ = {isa = PBXBuildFile; fileRef = 13F9155F2B91F6B70097598D /* ForRent.swift */; };
		13F915642B91F6B70097598D /* StreamingService.swift in Sources */ = {isa = PBXBuildFile; fileRef = 13F915602B91F6B70097598D /* StreamingService.swift */; };
		13F915652B91F6B70097598D /* OnTV.swift in Sources */ = {isa = PBXBuildFile; fileRef = 13F915612B91F6B70097598D /* OnTV.swift */; };
		13F915662B91F6CF0097598D /* MyNetworkSDK.framework in Frameworks */ = {isa = PBXBuildFile; fileRef = 13F915502B91F64A0097598D /* MyNetworkSDK.framework */; };
		13F915672B91F6CF0097598D /* MyNetworkSDK.framework in Embed Frameworks */ = {isa = PBXBuildFile; fileRef = 13F915502B91F64A0097598D /* MyNetworkSDK.framework */; settings = {ATTRIBUTES = (CodeSignOnCopy, RemoveHeadersOnCopy, ); }; };
		13F9156B2B91F6FC0097598D /* MovieViewModel.swift in Sources */ = {isa = PBXBuildFile; fileRef = 13F9156A2B91F6FC0097598D /* MovieViewModel.swift */; };
/* End PBXBuildFile section */

/* Begin PBXContainerItemProxy section */
		13F915152B91F5C20097598D /* PBXContainerItemProxy */ = {
			isa = PBXContainerItemProxy;
			containerPortal = 13F914F62B91F5BA0097598D /* Project object */;
			proxyType = 1;
			remoteGlobalIDString = 13F914FD2B91F5BA0097598D;
			remoteInfo = MusicApps;
		};
		13F9151F2B91F5C20097598D /* PBXContainerItemProxy */ = {
			isa = PBXContainerItemProxy;
			containerPortal = 13F914F62B91F5BA0097598D /* Project object */;
			proxyType = 1;
			remoteGlobalIDString = 13F914FD2B91F5BA0097598D;
			remoteInfo = MusicApps;
		};
/* End PBXContainerItemProxy section */

/* Begin PBXCopyFilesBuildPhase section */
		13F915682B91F6CF0097598D /* Embed Frameworks */ = {
			isa = PBXCopyFilesBuildPhase;
			buildActionMask = 2147483647;
			dstPath = "";
			dstSubfolderSpec = 10;
			files = (
				13F915672B91F6CF0097598D /* MyNetworkSDK.framework in Embed Frameworks */,
			);
			name = "Embed Frameworks";
			runOnlyForDeploymentPostprocessing = 0;
		};
/* End PBXCopyFilesBuildPhase section */

/* Begin PBXFileReference section */
		13F914FE2B91F5BA0097598D /* MusicApps.app */ = {isa = PBXFileReference; explicitFileType = wrapper.application; includeInIndex = 0; path = MusicApps.app; sourceTree = BUILT_PRODUCTS_DIR; };
		13F915012B91F5BA0097598D /* AppDelegate.swift */ = {isa = PBXFileReference; lastKnownFileType = sourcecode.swift; path = AppDelegate.swift; sourceTree = "<group>"; };
		13F915032B91F5BA0097598D /* SceneDelegate.swift */ = {isa = PBXFileReference; lastKnownFileType = sourcecode.swift; path = SceneDelegate.swift; sourceTree = "<group>"; };
		13F915052B91F5BA0097598D /* ViewController.swift */ = {isa = PBXFileReference; lastKnownFileType = sourcecode.swift; path = ViewController.swift; sourceTree = "<group>"; };
		13F915082B91F5BA0097598D /* Base */ = {isa = PBXFileReference; lastKnownFileType = file.storyboard; name = Base; path = Base.lproj/Main.storyboard; sourceTree = "<group>"; };
		13F9150A2B91F5C10097598D /* Assets.xcassets */ = {isa = PBXFileReference; lastKnownFileType = folder.assetcatalog; path = Assets.xcassets; sourceTree = "<group>"; };
		13F9150D2B91F5C10097598D /* Base */ = {isa = PBXFileReference; lastKnownFileType = file.storyboard; name = Base; path = Base.lproj/LaunchScreen.storyboard; sourceTree = "<group>"; };
		13F9150F2B91F5C10097598D /* Info.plist */ = {isa = PBXFileReference; lastKnownFileType = text.plist.xml; path = Info.plist; sourceTree = "<group>"; };
		13F915142B91F5C20097598D /* MusicAppsTests.xctest */ = {isa = PBXFileReference; explicitFileType = wrapper.cfbundle; includeInIndex = 0; path = MusicAppsTests.xctest; sourceTree = BUILT_PRODUCTS_DIR; };
		13F915182B91F5C20097598D /* MusicAppsTests.swift */ = {isa = PBXFileReference; lastKnownFileType = sourcecode.swift; path = MusicAppsTests.swift; sourceTree = "<group>"; };
		13F9151E2B91F5C20097598D /* MusicAppsUITests.xctest */ = {isa = PBXFileReference; explicitFileType = wrapper.cfbundle; includeInIndex = 0; path = MusicAppsUITests.xctest; sourceTree = BUILT_PRODUCTS_DIR; };
		13F915222B91F5C20097598D /* MusicAppsUITests.swift */ = {isa = PBXFileReference; lastKnownFileType = sourcecode.swift; path = MusicAppsUITests.swift; sourceTree = "<group>"; };
		13F915242B91F5C20097598D /* MusicAppsUITestsLaunchTests.swift */ = {isa = PBXFileReference; lastKnownFileType = sourcecode.swift; path = MusicAppsUITestsLaunchTests.swift; sourceTree = "<group>"; };
		13F915322B91F5F40097598D /* MovieViewController.swift */ = {isa = PBXFileReference; fileEncoding = 4; lastKnownFileType = sourcecode.swift; path = MovieViewController.swift; sourceTree = "<group>"; };
		13F915332B91F5F40097598D /* VideoViewController.swift */ = {isa = PBXFileReference; fileEncoding = 4; lastKnownFileType = sourcecode.swift; path = VideoViewController.swift; sourceTree = "<group>"; };
		13F915342B91F5F40097598D /* MovieDetailViewController.swift */ = {isa = PBXFileReference; fileEncoding = 4; lastKnownFileType = sourcecode.swift; path = MovieDetailViewController.swift; sourceTree = "<group>"; };
		13F915362B91F5F40097598D /* SocialDecisionCollectionViewCell.swift */ = {isa = PBXFileReference; fileEncoding = 4; lastKnownFileType = sourcecode.swift; path = SocialDecisionCollectionViewCell.swift; sourceTree = "<group>"; };
		13F915372B91F5F40097598D /* CastCollectionViewCell.swift */ = {isa = PBXFileReference; fileEncoding = 4; lastKnownFileType = sourcecode.swift; path = CastCollectionViewCell.swift; sourceTree = "<group>"; };
		13F915382B91F5F40097598D /* HomeCollectionViewCell.swift */ = {isa = PBXFileReference; fileEncoding = 4; lastKnownFileType = sourcecode.swift; path = HomeCollectionViewCell.swift; sourceTree = "<group>"; };
		13F915392B91F5F40097598D /* Cell.swift */ = {isa = PBXFileReference; fileEncoding = 4; lastKnownFileType = sourcecode.swift; path = Cell.swift; sourceTree = "<group>"; };
		13F9153A2B91F5F40097598D /* recommendationTrailerCollectionViewCell.swift */ = {isa = PBXFileReference; fileEncoding = 4; lastKnownFileType = sourcecode.swift; path = recommendationTrailerCollectionViewCell.swift; sourceTree = "<group>"; };
		13F9153B2B91F5F40097598D /* SocialDecisionCollectionViewCell.xib */ = {isa = PBXFileReference; fileEncoding = 4; lastKnownFileType = file.xib; path = SocialDecisionCollectionViewCell.xib; sourceTree = "<group>"; };
		13F9153C2B91F5F40097598D /* SocialReviewCollectionViewCell.xib */ = {isa = PBXFileReference; fileEncoding = 4; lastKnownFileType = file.xib; path = SocialReviewCollectionViewCell.xib; sourceTree = "<group>"; };
		13F9153D2B91F5F40097598D /* TrailerCollectionViewCell.swift */ = {isa = PBXFileReference; fileEncoding = 4; lastKnownFileType = sourcecode.swift; path = TrailerCollectionViewCell.swift; sourceTree = "<group>"; };
		13F9153E2B91F5F40097598D /* SocialReviewCollectionViewCell.swift */ = {isa = PBXFileReference; fileEncoding = 4; lastKnownFileType = sourcecode.swift; path = SocialReviewCollectionViewCell.swift; sourceTree = "<group>"; };
		13F915402B91F5F50097598D /* 1234.jpeg */ = {isa = PBXFileReference; lastKnownFileType = image.jpeg; path = 1234.jpeg; sourceTree = "<group>"; };
		13F915412B91F5F50097598D /* Image.png */ = {isa = PBXFileReference; lastKnownFileType = image.png; path = Image.png; sourceTree = "<group>"; };
		13F915502B91F64A0097598D /* MyNetworkSDK.framework */ = {isa = PBXFileReference; lastKnownFileType = wrapper.framework; path = MyNetworkSDK.framework; sourceTree = "<group>"; };
		13F915532B91F6A20097598D /* MovieModal.swift */ = {isa = PBXFileReference; fileEncoding = 4; lastKnownFileType = sourcecode.swift; path = MovieModal.swift; sourceTree = "<group>"; };
		13F915542B91F6A20097598D /* CreditsModel.swift */ = {isa = PBXFileReference; fileEncoding = 4; lastKnownFileType = sourcecode.swift; path = CreditsModel.swift; sourceTree = "<group>"; };
		13F915552B91F6A20097598D /* MovieDetailModel.swift */ = {isa = PBXFileReference; fileEncoding = 4; lastKnownFileType = sourcecode.swift; path = MovieDetailModel.swift; sourceTree = "<group>"; };
		13F915562B91F6A20097598D /* VideoModel.swift */ = {isa = PBXFileReference; fileEncoding = 4; lastKnownFileType = sourcecode.swift; path = VideoModel.swift; sourceTree = "<group>"; };
		13F915572B91F6A20097598D /* MovieResponseModel.swift */ = {isa = PBXFileReference; fileEncoding = 4; lastKnownFileType = sourcecode.swift; path = MovieResponseModel.swift; sourceTree = "<group>"; };
		13F9155E2B91F6B70097598D /* MovieService.swift */ = {isa = PBXFileReference; fileEncoding = 4; lastKnownFileType = sourcecode.swift; path = MovieService.swift; sourceTree = "<group>"; };
		13F9155F2B91F6B70097598D /* ForRent.swift */ = {isa = PBXFileReference; fileEncoding = 4; lastKnownFileType = sourcecode.swift; path = ForRent.swift; sourceTree = "<group>"; };
		13F915602B91F6B70097598D /* StreamingService.swift */ = {isa = PBXFileReference; fileEncoding = 4; lastKnownFileType = sourcecode.swift; path = StreamingService.swift; sourceTree = "<group>"; };
		13F915612B91F6B70097598D /* OnTV.swift */ = {isa = PBXFileReference; fileEncoding = 4; lastKnownFileType = sourcecode.swift; path = OnTV.swift; sourceTree = "<group>"; };
		13F9156A2B91F6FC0097598D /* MovieViewModel.swift */ = {isa = PBXFileReference; fileEncoding = 4; lastKnownFileType = sourcecode.swift; path = MovieViewModel.swift; sourceTree = "<group>"; };
/* End PBXFileReference section */

/* Begin PBXFrameworksBuildPhase section */
		13F914FB2B91F5BA0097598D /* Frameworks */ = {
			isa = PBXFrameworksBuildPhase;
			buildActionMask = 2147483647;
			files = (
				13F915662B91F6CF0097598D /* MyNetworkSDK.framework in Frameworks */,
			);
			runOnlyForDeploymentPostprocessing = 0;
		};
		13F915112B91F5C20097598D /* Frameworks */ = {
			isa = PBXFrameworksBuildPhase;
			buildActionMask = 2147483647;
			files = (
			);
			runOnlyForDeploymentPostprocessing = 0;
		};
		13F9151B2B91F5C20097598D /* Frameworks */ = {
			isa = PBXFrameworksBuildPhase;
			buildActionMask = 2147483647;
			files = (
			);
			runOnlyForDeploymentPostprocessing = 0;
		};
/* End PBXFrameworksBuildPhase section */

/* Begin PBXGroup section */
		13F914F52B91F5BA0097598D = {
			isa = PBXGroup;
			children = (
				13F915002B91F5BA0097598D /* MusicApps */,
				13F915172B91F5C20097598D /* MusicAppsTests */,
				13F915212B91F5C20097598D /* MusicAppsUITests */,
				13F914FF2B91F5BA0097598D /* Products */,
			);
			sourceTree = "<group>";
		};
		13F914FF2B91F5BA0097598D /* Products */ = {
			isa = PBXGroup;
			children = (
				13F914FE2B91F5BA0097598D /* MusicApps.app */,
				13F915142B91F5C20097598D /* MusicAppsTests.xctest */,
				13F9151E2B91F5C20097598D /* MusicAppsUITests.xctest */,
			);
			name = Products;
			sourceTree = "<group>";
		};
		13F915002B91F5BA0097598D /* MusicApps */ = {
			isa = PBXGroup;
			children = (
				13F915502B91F64A0097598D /* MyNetworkSDK.framework */,
				13F915692B91F6FC0097598D /* ViewModel */,
				13F9155D2B91F6B70097598D /* Services */,
				13F915522B91F6A20097598D /* Modals */,
				13F915352B91F5F40097598D /* CollectionViewCell */,
				13F915312B91F5F40097598D /* Controllers */,
				13F9153F2B91F5F50097598D /* Image */,
				13F915012B91F5BA0097598D /* AppDelegate.swift */,
				13F915032B91F5BA0097598D /* SceneDelegate.swift */,
				13F915052B91F5BA0097598D /* ViewController.swift */,
				13F915072B91F5BA0097598D /* Main.storyboard */,
				13F9150A2B91F5C10097598D /* Assets.xcassets */,
				13F9150C2B91F5C10097598D /* LaunchScreen.storyboard */,
				13F9150F2B91F5C10097598D /* Info.plist */,
			);
			path = MusicApps;
			sourceTree = "<group>";
		};
		13F915172B91F5C20097598D /* MusicAppsTests */ = {
			isa = PBXGroup;
			children = (
				13F915182B91F5C20097598D /* MusicAppsTests.swift */,
			);
			path = MusicAppsTests;
			sourceTree = "<group>";
		};
		13F915212B91F5C20097598D /* MusicAppsUITests */ = {
			isa = PBXGroup;
			children = (
				13F915222B91F5C20097598D /* MusicAppsUITests.swift */,
				13F915242B91F5C20097598D /* MusicAppsUITestsLaunchTests.swift */,
			);
			path = MusicAppsUITests;
			sourceTree = "<group>";
		};
		13F915312B91F5F40097598D /* Controllers */ = {
			isa = PBXGroup;
			children = (
				13F915322B91F5F40097598D /* MovieViewController.swift */,
				13F915332B91F5F40097598D /* VideoViewController.swift */,
				13F915342B91F5F40097598D /* MovieDetailViewController.swift */,
			);
			path = Controllers;
			sourceTree = "<group>";
		};
		13F915352B91F5F40097598D /* CollectionViewCell */ = {
			isa = PBXGroup;
			children = (
				13F915372B91F5F40097598D /* CastCollectionViewCell.swift */,
				13F915382B91F5F40097598D /* HomeCollectionViewCell.swift */,
				13F915392B91F5F40097598D /* Cell.swift */,
				13F9153A2B91F5F40097598D /* recommendationTrailerCollectionViewCell.swift */,
				13F9153D2B91F5F40097598D /* TrailerCollectionViewCell.swift */,
				13F915362B91F5F40097598D /* SocialDecisionCollectionViewCell.swift */,
				13F9153B2B91F5F40097598D /* SocialDecisionCollectionViewCell.xib */,
				13F9153E2B91F5F40097598D /* SocialReviewCollectionViewCell.swift */,
				13F9153C2B91F5F40097598D /* SocialReviewCollectionViewCell.xib */,
			);
			path = CollectionViewCell;
			sourceTree = "<group>";
		};
		13F9153F2B91F5F50097598D /* Image */ = {
			isa = PBXGroup;
			children = (
				13F915402B91F5F50097598D /* 1234.jpeg */,
				13F915412B91F5F50097598D /* Image.png */,
			);
			path = Image;
			sourceTree = "<group>";
		};
		13F915522B91F6A20097598D /* Modals */ = {
			isa = PBXGroup;
			children = (
				13F915532B91F6A20097598D /* MovieModal.swift */,
				13F915542B91F6A20097598D /* CreditsModel.swift */,
				13F915552B91F6A20097598D /* MovieDetailModel.swift */,
				13F915562B91F6A20097598D /* VideoModel.swift */,
				13F915572B91F6A20097598D /* MovieResponseModel.swift */,
			);
			path = Modals;
			sourceTree = "<group>";
		};
		13F9155D2B91F6B70097598D /* Services */ = {
			isa = PBXGroup;
			children = (
				13F9155E2B91F6B70097598D /* MovieService.swift */,
				13F9155F2B91F6B70097598D /* ForRent.swift */,
				13F915602B91F6B70097598D /* StreamingService.swift */,
				13F915612B91F6B70097598D /* OnTV.swift */,
			);
			path = Services;
			sourceTree = "<group>";
		};
		13F915692B91F6FC0097598D /* ViewModel */ = {
			isa = PBXGroup;
			children = (
				13F9156A2B91F6FC0097598D /* MovieViewModel.swift */,
			);
			path = ViewModel;
			sourceTree = "<group>";
		};
/* End PBXGroup section */

/* Begin PBXNativeTarget section */
		13F914FD2B91F5BA0097598D /* MusicApps */ = {
			isa = PBXNativeTarget;
			buildConfigurationList = 13F915282B91F5C20097598D /* Build configuration list for PBXNativeTarget "MusicApps" */;
			buildPhases = (
				13F914FA2B91F5BA0097598D /* Sources */,
				13F914FB2B91F5BA0097598D /* Frameworks */,
				13F914FC2B91F5BA0097598D /* Resources */,
				13F915682B91F6CF0097598D /* Embed Frameworks */,
			);
			buildRules = (
			);
			dependencies = (
			);
			name = MusicApps;
			productName = MusicApps;
			productReference = 13F914FE2B91F5BA0097598D /* MusicApps.app */;
			productType = "com.apple.product-type.application";
		};
		13F915132B91F5C20097598D /* MusicAppsTests */ = {
			isa = PBXNativeTarget;
			buildConfigurationList = 13F9152B2B91F5C20097598D /* Build configuration list for PBXNativeTarget "MusicAppsTests" */;
			buildPhases = (
				13F915102B91F5C20097598D /* Sources */,
				13F915112B91F5C20097598D /* Frameworks */,
				13F915122B91F5C20097598D /* Resources */,
			);
			buildRules = (
			);
			dependencies = (
				13F915162B91F5C20097598D /* PBXTargetDependency */,
			);
			name = MusicAppsTests;
			productName = MusicAppsTests;
			productReference = 13F915142B91F5C20097598D /* MusicAppsTests.xctest */;
			productType = "com.apple.product-type.bundle.unit-test";
		};
		13F9151D2B91F5C20097598D /* MusicAppsUITests */ = {
			isa = PBXNativeTarget;
			buildConfigurationList = 13F9152E2B91F5C20097598D /* Build configuration list for PBXNativeTarget "MusicAppsUITests" */;
			buildPhases = (
				13F9151A2B91F5C20097598D /* Sources */,
				13F9151B2B91F5C20097598D /* Frameworks */,
				13F9151C2B91F5C20097598D /* Resources */,
			);
			buildRules = (
			);
			dependencies = (
				13F915202B91F5C20097598D /* PBXTargetDependency */,
			);
			name = MusicAppsUITests;
			productName = MusicAppsUITests;
			productReference = 13F9151E2B91F5C20097598D /* MusicAppsUITests.xctest */;
			productType = "com.apple.product-type.bundle.ui-testing";
		};
/* End PBXNativeTarget section */

/* Begin PBXProject section */
		13F914F62B91F5BA0097598D /* Project object */ = {
			isa = PBXProject;
			attributes = {
				BuildIndependentTargetsInParallel = 1;
				LastSwiftUpdateCheck = 1420;
				LastUpgradeCheck = 1420;
				TargetAttributes = {
					13F914FD2B91F5BA0097598D = {
						CreatedOnToolsVersion = 14.2;
					};
					13F915132B91F5C20097598D = {
						CreatedOnToolsVersion = 14.2;
						TestTargetID = 13F914FD2B91F5BA0097598D;
					};
					13F9151D2B91F5C20097598D = {
						CreatedOnToolsVersion = 14.2;
						TestTargetID = 13F914FD2B91F5BA0097598D;
					};
				};
			};
			buildConfigurationList = 13F914F92B91F5BA0097598D /* Build configuration list for PBXProject "MusicApps" */;
			compatibilityVersion = "Xcode 14.0";
			developmentRegion = en;
			hasScannedForEncodings = 0;
			knownRegions = (
				en,
				Base,
			);
			mainGroup = 13F914F52B91F5BA0097598D;
			productRefGroup = 13F914FF2B91F5BA0097598D /* Products */;
			projectDirPath = "";
			projectRoot = "";
			targets = (
				13F914FD2B91F5BA0097598D /* MusicApps */,
				13F915132B91F5C20097598D /* MusicAppsTests */,
				13F9151D2B91F5C20097598D /* MusicAppsUITests */,
			);
		};
/* End PBXProject section */

/* Begin PBXResourcesBuildPhase section */
		13F914FC2B91F5BA0097598D /* Resources */ = {
			isa = PBXResourcesBuildPhase;
			buildActionMask = 2147483647;
			files = (
				13F9154F2B91F5F50097598D /* Image.png in Resources */,
				13F9150E2B91F5C10097598D /* LaunchScreen.storyboard in Resources */,
				13F9154E2B91F5F50097598D /* 1234.jpeg in Resources */,
				13F9154A2B91F5F50097598D /* SocialDecisionCollectionViewCell.xib in Resources */,
				13F9150B2B91F5C10097598D /* Assets.xcassets in Resources */,
				13F915092B91F5BA0097598D /* Main.storyboard in Resources */,
				13F9154B2B91F5F50097598D /* SocialReviewCollectionViewCell.xib in Resources */,
			);
			runOnlyForDeploymentPostprocessing = 0;
		};
		13F915122B91F5C20097598D /* Resources */ = {
			isa = PBXResourcesBuildPhase;
			buildActionMask = 2147483647;
			files = (
			);
			runOnlyForDeploymentPostprocessing = 0;
		};
		13F9151C2B91F5C20097598D /* Resources */ = {
			isa = PBXResourcesBuildPhase;
			buildActionMask = 2147483647;
			files = (
			);
			runOnlyForDeploymentPostprocessing = 0;
		};
/* End PBXResourcesBuildPhase section */

/* Begin PBXSourcesBuildPhase section */
		13F914FA2B91F5BA0097598D /* Sources */ = {
			isa = PBXSourcesBuildPhase;
			buildActionMask = 2147483647;
			files = (
				13F915062B91F5BA0097598D /* ViewController.swift in Sources */,
				13F915462B91F5F50097598D /* CastCollectionViewCell.swift in Sources */,
				13F915452B91F5F50097598D /* SocialDecisionCollectionViewCell.swift in Sources */,
				13F9155C2B91F6A20097598D /* MovieResponseModel.swift in Sources */,
				13F915022B91F5BA0097598D /* AppDelegate.swift in Sources */,
				13F9154D2B91F5F50097598D /* SocialReviewCollectionViewCell.swift in Sources */,
				13F9155A2B91F6A20097598D /* MovieDetailModel.swift in Sources */,
				13F9154C2B91F5F50097598D /* TrailerCollectionViewCell.swift in Sources */,
				13F915632B91F6B70097598D /* ForRent.swift in Sources */,
				13F915042B91F5BA0097598D /* SceneDelegate.swift in Sources */,
				13F915642B91F6B70097598D /* StreamingService.swift in Sources */,
				13F9155B2B91F6A20097598D /* VideoModel.swift in Sources */,
				13F915622B91F6B70097598D /* MovieService.swift in Sources */,
				13F915472B91F5F50097598D /* HomeCollectionViewCell.swift in Sources */,
				13F915592B91F6A20097598D /* CreditsModel.swift in Sources */,
				13F915582B91F6A20097598D /* MovieModal.swift in Sources */,
				13F915432B91F5F50097598D /* VideoViewController.swift in Sources */,
				13F915492B91F5F50097598D /* recommendationTrailerCollectionViewCell.swift in Sources */,
				13F915482B91F5F50097598D /* Cell.swift in Sources */,
				13F915442B91F5F50097598D /* MovieDetailViewController.swift in Sources */,
				13F915652B91F6B70097598D /* OnTV.swift in Sources */,
				13F9156B2B91F6FC0097598D /* MovieViewModel.swift in Sources */,
				13F915422B91F5F50097598D /* MovieViewController.swift in Sources */,
			);
			runOnlyForDeploymentPostprocessing = 0;
		};
		13F915102B91F5C20097598D /* Sources */ = {
			isa = PBXSourcesBuildPhase;
			buildActionMask = 2147483647;
			files = (
				13F915192B91F5C20097598D /* MusicAppsTests.swift in Sources */,
			);
			runOnlyForDeploymentPostprocessing = 0;
		};
		13F9151A2B91F5C20097598D /* Sources */ = {
			isa = PBXSourcesBuildPhase;
			buildActionMask = 2147483647;
			files = (
				13F915252B91F5C20097598D /* MusicAppsUITestsLaunchTests.swift in Sources */,
				13F915232B91F5C20097598D /* MusicAppsUITests.swift in Sources */,
			);
			runOnlyForDeploymentPostprocessing = 0;
		};
/* End PBXSourcesBuildPhase section */

/* Begin PBXTargetDependency section */
		13F915162B91F5C20097598D /* PBXTargetDependency */ = {
			isa = PBXTargetDependency;
			target = 13F914FD2B91F5BA0097598D /* MusicApps */;
			targetProxy = 13F915152B91F5C20097598D /* PBXContainerItemProxy */;
		};
		13F915202B91F5C20097598D /* PBXTargetDependency */ = {
			isa = PBXTargetDependency;
			target = 13F914FD2B91F5BA0097598D /* MusicApps */;
			targetProxy = 13F9151F2B91F5C20097598D /* PBXContainerItemProxy */;
		};
/* End PBXTargetDependency section */

/* Begin PBXVariantGroup section */
		13F915072B91F5BA0097598D /* Main.storyboard */ = {
			isa = PBXVariantGroup;
			children = (
				13F915082B91F5BA0097598D /* Base */,
			);
			name = Main.storyboard;
			sourceTree = "<group>";
		};
		13F9150C2B91F5C10097598D /* LaunchScreen.storyboard */ = {
			isa = PBXVariantGroup;
			children = (
				13F9150D2B91F5C10097598D /* Base */,
			);
			name = LaunchScreen.storyboard;
			sourceTree = "<group>";
		};
/* End PBXVariantGroup section */

/* Begin XCBuildConfiguration section */
		13F915262B91F5C20097598D /* Debug */ = {
			isa = XCBuildConfiguration;
			buildSettings = {
				ALWAYS_SEARCH_USER_PATHS = NO;
				CLANG_ANALYZER_NONNULL = YES;
				CLANG_ANALYZER_NUMBER_OBJECT_CONVERSION = YES_AGGRESSIVE;
				CLANG_CXX_LANGUAGE_STANDARD = "gnu++20";
				CLANG_ENABLE_MODULES = YES;
				CLANG_ENABLE_OBJC_ARC = YES;
				CLANG_ENABLE_OBJC_WEAK = YES;
				CLANG_WARN_BLOCK_CAPTURE_AUTORELEASING = YES;
				CLANG_WARN_BOOL_CONVERSION = YES;
				CLANG_WARN_COMMA = YES;
				CLANG_WARN_CONSTANT_CONVERSION = YES;
				CLANG_WARN_DEPRECATED_OBJC_IMPLEMENTATIONS = YES;
				CLANG_WARN_DIRECT_OBJC_ISA_USAGE = YES_ERROR;
				CLANG_WARN_DOCUMENTATION_COMMENTS = YES;
				CLANG_WARN_EMPTY_BODY = YES;
				CLANG_WARN_ENUM_CONVERSION = YES;
				CLANG_WARN_INFINITE_RECURSION = YES;
				CLANG_WARN_INT_CONVERSION = YES;
				CLANG_WARN_NON_LITERAL_NULL_CONVERSION = YES;
				CLANG_WARN_OBJC_IMPLICIT_RETAIN_SELF = YES;
				CLANG_WARN_OBJC_LITERAL_CONVERSION = YES;
				CLANG_WARN_OBJC_ROOT_CLASS = YES_ERROR;
				CLANG_WARN_QUOTED_INCLUDE_IN_FRAMEWORK_HEADER = YES;
				CLANG_WARN_RANGE_LOOP_ANALYSIS = YES;
				CLANG_WARN_STRICT_PROTOTYPES = YES;
				CLANG_WARN_SUSPICIOUS_MOVE = YES;
				CLANG_WARN_UNGUARDED_AVAILABILITY = YES_AGGRESSIVE;
				CLANG_WARN_UNREACHABLE_CODE = YES;
				CLANG_WARN__DUPLICATE_METHOD_MATCH = YES;
				COPY_PHASE_STRIP = NO;
				DEBUG_INFORMATION_FORMAT = dwarf;
				ENABLE_STRICT_OBJC_MSGSEND = YES;
				ENABLE_TESTABILITY = YES;
				GCC_C_LANGUAGE_STANDARD = gnu11;
				GCC_DYNAMIC_NO_PIC = NO;
				GCC_NO_COMMON_BLOCKS = YES;
				GCC_OPTIMIZATION_LEVEL = 0;
				GCC_PREPROCESSOR_DEFINITIONS = (
					"DEBUG=1",
					"$(inherited)",
				);
				GCC_WARN_64_TO_32_BIT_CONVERSION = YES;
				GCC_WARN_ABOUT_RETURN_TYPE = YES_ERROR;
				GCC_WARN_UNDECLARED_SELECTOR = YES;
				GCC_WARN_UNINITIALIZED_AUTOS = YES_AGGRESSIVE;
				GCC_WARN_UNUSED_FUNCTION = YES;
				GCC_WARN_UNUSED_VARIABLE = YES;
				IPHONEOS_DEPLOYMENT_TARGET = 16.2;
				MTL_ENABLE_DEBUG_INFO = INCLUDE_SOURCE;
				MTL_FAST_MATH = YES;
				ONLY_ACTIVE_ARCH = YES;
				SDKROOT = iphoneos;
				SWIFT_ACTIVE_COMPILATION_CONDITIONS = DEBUG;
				SWIFT_OPTIMIZATION_LEVEL = "-Onone";
			};
			name = Debug;
		};
		13F915272B91F5C20097598D /* Release */ = {
			isa = XCBuildConfiguration;
			buildSettings = {
				ALWAYS_SEARCH_USER_PATHS = NO;
				CLANG_ANALYZER_NONNULL = YES;
				CLANG_ANALYZER_NUMBER_OBJECT_CONVERSION = YES_AGGRESSIVE;
				CLANG_CXX_LANGUAGE_STANDARD = "gnu++20";
				CLANG_ENABLE_MODULES = YES;
				CLANG_ENABLE_OBJC_ARC = YES;
				CLANG_ENABLE_OBJC_WEAK = YES;
				CLANG_WARN_BLOCK_CAPTURE_AUTORELEASING = YES;
				CLANG_WARN_BOOL_CONVERSION = YES;
				CLANG_WARN_COMMA = YES;
				CLANG_WARN_CONSTANT_CONVERSION = YES;
				CLANG_WARN_DEPRECATED_OBJC_IMPLEMENTATIONS = YES;
				CLANG_WARN_DIRECT_OBJC_ISA_USAGE = YES_ERROR;
				CLANG_WARN_DOCUMENTATION_COMMENTS = YES;
				CLANG_WARN_EMPTY_BODY = YES;
				CLANG_WARN_ENUM_CONVERSION = YES;
				CLANG_WARN_INFINITE_RECURSION = YES;
				CLANG_WARN_INT_CONVERSION = YES;
				CLANG_WARN_NON_LITERAL_NULL_CONVERSION = YES;
				CLANG_WARN_OBJC_IMPLICIT_RETAIN_SELF = YES;
				CLANG_WARN_OBJC_LITERAL_CONVERSION = YES;
				CLANG_WARN_OBJC_ROOT_CLASS = YES_ERROR;
				CLANG_WARN_QUOTED_INCLUDE_IN_FRAMEWORK_HEADER = YES;
				CLANG_WARN_RANGE_LOOP_ANALYSIS = YES;
				CLANG_WARN_STRICT_PROTOTYPES = YES;
				CLANG_WARN_SUSPICIOUS_MOVE = YES;
				CLANG_WARN_UNGUARDED_AVAILABILITY = YES_AGGRESSIVE;
				CLANG_WARN_UNREACHABLE_CODE = YES;
				CLANG_WARN__DUPLICATE_METHOD_MATCH = YES;
				COPY_PHASE_STRIP = NO;
				DEBUG_INFORMATION_FORMAT = "dwarf-with-dsym";
				ENABLE_NS_ASSERTIONS = NO;
				ENABLE_STRICT_OBJC_MSGSEND = YES;
				GCC_C_LANGUAGE_STANDARD = gnu11;
				GCC_NO_COMMON_BLOCKS = YES;
				GCC_WARN_64_TO_32_BIT_CONVERSION = YES;
				GCC_WARN_ABOUT_RETURN_TYPE = YES_ERROR;
				GCC_WARN_UNDECLARED_SELECTOR = YES;
				GCC_WARN_UNINITIALIZED_AUTOS = YES_AGGRESSIVE;
				GCC_WARN_UNUSED_FUNCTION = YES;
				GCC_WARN_UNUSED_VARIABLE = YES;
				IPHONEOS_DEPLOYMENT_TARGET = 16.2;
				MTL_ENABLE_DEBUG_INFO = NO;
				MTL_FAST_MATH = YES;
				SDKROOT = iphoneos;
				SWIFT_COMPILATION_MODE = wholemodule;
				SWIFT_OPTIMIZATION_LEVEL = "-O";
				VALIDATE_PRODUCT = YES;
			};
			name = Release;
		};
		13F915292B91F5C20097598D /* Debug */ = {
			isa = XCBuildConfiguration;
			buildSettings = {
				ASSETCATALOG_COMPILER_APPICON_NAME = AppIcon;
				ASSETCATALOG_COMPILER_GLOBAL_ACCENT_COLOR_NAME = AccentColor;
				CODE_SIGN_STYLE = Automatic;
				CURRENT_PROJECT_VERSION = 1;
				DEVELOPMENT_TEAM = 43GBAH2R75;
				FRAMEWORK_SEARCH_PATHS = (
					"$(inherited)",
					"$(PROJECT_DIR)",
					"$(PROJECT_DIR)/MusicApps",
				);
				GENERATE_INFOPLIST_FILE = YES;
				INFOPLIST_FILE = MusicApps/Info.plist;
				INFOPLIST_KEY_UIApplicationSupportsIndirectInputEvents = YES;
				INFOPLIST_KEY_UILaunchStoryboardName = LaunchScreen;
				INFOPLIST_KEY_UIMainStoryboardFile = Main;
				INFOPLIST_KEY_UISupportedInterfaceOrientations_iPad = "UIInterfaceOrientationPortrait UIInterfaceOrientationPortraitUpsideDown UIInterfaceOrientationLandscapeLeft UIInterfaceOrientationLandscapeRight";
				INFOPLIST_KEY_UISupportedInterfaceOrientations_iPhone = "UIInterfaceOrientationPortrait UIInterfaceOrientationLandscapeLeft UIInterfaceOrientationLandscapeRight";
				LD_RUNPATH_SEARCH_PATHS = (
					"$(inherited)",
					"@executable_path/Frameworks",
				);
				MARKETING_VERSION = 1.0;
				PRODUCT_BUNDLE_IDENTIFIER = com.OpeningApp.MusicApps;
				PRODUCT_NAME = "$(TARGET_NAME)";
				SWIFT_EMIT_LOC_STRINGS = YES;
				SWIFT_VERSION = 5.0;
				TARGETED_DEVICE_FAMILY = "1,2";
			};
			name = Debug;
		};
		13F9152A2B91F5C20097598D /* Release */ = {
			isa = XCBuildConfiguration;
			buildSettings = {
				ASSETCATALOG_COMPILER_APPICON_NAME = AppIcon;
				ASSETCATALOG_COMPILER_GLOBAL_ACCENT_COLOR_NAME = AccentColor;
				CODE_SIGN_STYLE = Automatic;
				CURRENT_PROJECT_VERSION = 1;
				DEVELOPMENT_TEAM = 43GBAH2R75;
				FRAMEWORK_SEARCH_PATHS = (
					"$(inherited)",
					"$(PROJECT_DIR)",
					"$(PROJECT_DIR)/MusicApps",
				);
				GENERATE_INFOPLIST_FILE = YES;
				INFOPLIST_FILE = MusicApps/Info.plist;
				INFOPLIST_KEY_UIApplicationSupportsIndirectInputEvents = YES;
				INFOPLIST_KEY_UILaunchStoryboardName = LaunchScreen;
				INFOPLIST_KEY_UIMainStoryboardFile = Main;
				INFOPLIST_KEY_UISupportedInterfaceOrientations_iPad = "UIInterfaceOrientationPortrait UIInterfaceOrientationPortraitUpsideDown UIInterfaceOrientationLandscapeLeft UIInterfaceOrientationLandscapeRight";
				INFOPLIST_KEY_UISupportedInterfaceOrientations_iPhone = "UIInterfaceOrientationPortrait UIInterfaceOrientationLandscapeLeft UIInterfaceOrientationLandscapeRight";
				LD_RUNPATH_SEARCH_PATHS = (
					"$(inherited)",
					"@executable_path/Frameworks",
				);
				MARKETING_VERSION = 1.0;
				PRODUCT_BUNDLE_IDENTIFIER = com.OpeningApp.MusicApps;
				PRODUCT_NAME = "$(TARGET_NAME)";
				SWIFT_EMIT_LOC_STRINGS = YES;
				SWIFT_VERSION = 5.0;
				TARGETED_DEVICE_FAMILY = "1,2";
			};
			name = Release;
		};
		13F9152C2B91F5C20097598D /* Debug */ = {
			isa = XCBuildConfiguration;
			buildSettings = {
				ALWAYS_EMBED_SWIFT_STANDARD_LIBRARIES = YES;
				BUNDLE_LOADER = "$(TEST_HOST)";
				CODE_SIGN_STYLE = Automatic;
				CURRENT_PROJECT_VERSION = 1;
				DEVELOPMENT_TEAM = 43GBAH2R75;
				GENERATE_INFOPLIST_FILE = YES;
				IPHONEOS_DEPLOYMENT_TARGET = 16.2;
				MARKETING_VERSION = 1.0;
				PRODUCT_BUNDLE_IDENTIFIER = com.OpeningApp.MusicAppsTests;
				PRODUCT_NAME = "$(TARGET_NAME)";
				SWIFT_EMIT_LOC_STRINGS = NO;
				SWIFT_VERSION = 5.0;
				TARGETED_DEVICE_FAMILY = "1,2";
				TEST_HOST = "$(BUILT_PRODUCTS_DIR)/MusicApps.app/$(BUNDLE_EXECUTABLE_FOLDER_PATH)/MusicApps";
			};
			name = Debug;
		};
		13F9152D2B91F5C20097598D /* Release */ = {
			isa = XCBuildConfiguration;
			buildSettings = {
				ALWAYS_EMBED_SWIFT_STANDARD_LIBRARIES = YES;
				BUNDLE_LOADER = "$(TEST_HOST)";
				CODE_SIGN_STYLE = Automatic;
				CURRENT_PROJECT_VERSION = 1;
				DEVELOPMENT_TEAM = 43GBAH2R75;
				GENERATE_INFOPLIST_FILE = YES;
				IPHONEOS_DEPLOYMENT_TARGET = 16.2;
				MARKETING_VERSION = 1.0;
				PRODUCT_BUNDLE_IDENTIFIER = com.OpeningApp.MusicAppsTests;
				PRODUCT_NAME = "$(TARGET_NAME)";
				SWIFT_EMIT_LOC_STRINGS = NO;
				SWIFT_VERSION = 5.0;
				TARGETED_DEVICE_FAMILY = "1,2";
				TEST_HOST = "$(BUILT_PRODUCTS_DIR)/MusicApps.app/$(BUNDLE_EXECUTABLE_FOLDER_PATH)/MusicApps";
			};
			name = Release;
		};
		13F9152F2B91F5C20097598D /* Debug */ = {
			isa = XCBuildConfiguration;
			buildSettings = {
				ALWAYS_EMBED_SWIFT_STANDARD_LIBRARIES = YES;
				CODE_SIGN_STYLE = Automatic;
				CURRENT_PROJECT_VERSION = 1;
				DEVELOPMENT_TEAM = 43GBAH2R75;
				GENERATE_INFOPLIST_FILE = YES;
				MARKETING_VERSION = 1.0;
				PRODUCT_BUNDLE_IDENTIFIER = com.OpeningApp.MusicAppsUITests;
				PRODUCT_NAME = "$(TARGET_NAME)";
				SWIFT_EMIT_LOC_STRINGS = NO;
				SWIFT_VERSION = 5.0;
				TARGETED_DEVICE_FAMILY = "1,2";
				TEST_TARGET_NAME = MusicApps;
			};
			name = Debug;
		};
		13F915302B91F5C20097598D /* Release */ = {
			isa = XCBuildConfiguration;
			buildSettings = {
				ALWAYS_EMBED_SWIFT_STANDARD_LIBRARIES = YES;
				CODE_SIGN_STYLE = Automatic;
				CURRENT_PROJECT_VERSION = 1;
				DEVELOPMENT_TEAM = 43GBAH2R75;
				GENERATE_INFOPLIST_FILE = YES;
				MARKETING_VERSION = 1.0;
				PRODUCT_BUNDLE_IDENTIFIER = com.OpeningApp.MusicAppsUITests;
				PRODUCT_NAME = "$(TARGET_NAME)";
				SWIFT_EMIT_LOC_STRINGS = NO;
				SWIFT_VERSION = 5.0;
				TARGETED_DEVICE_FAMILY = "1,2";
				TEST_TARGET_NAME = MusicApps;
			};
			name = Release;
		};
/* End XCBuildConfiguration section */

/* Begin XCConfigurationList section */
		13F914F92B91F5BA0097598D /* Build configuration list for PBXProject "MusicApps" */ = {
			isa = XCConfigurationList;
			buildConfigurations = (
				13F915262B91F5C20097598D /* Debug */,
				13F915272B91F5C20097598D /* Release */,
			);
			defaultConfigurationIsVisible = 0;
			defaultConfigurationName = Release;
		};
		13F915282B91F5C20097598D /* Build configuration list for PBXNativeTarget "MusicApps" */ = {
			isa = XCConfigurationList;
			buildConfigurations = (
				13F915292B91F5C20097598D /* Debug */,
				13F9152A2B91F5C20097598D /* Release */,
			);
			defaultConfigurationIsVisible = 0;
			defaultConfigurationName = Release;
		};
		13F9152B2B91F5C20097598D /* Build configuration list for PBXNativeTarget "MusicAppsTests" */ = {
			isa = XCConfigurationList;
			buildConfigurations = (
				13F9152C2B91F5C20097598D /* Debug */,
				13F9152D2B91F5C20097598D /* Release */,
			);
			defaultConfigurationIsVisible = 0;
			defaultConfigurationName = Release;
		};
		13F9152E2B91F5C20097598D /* Build configuration list for PBXNativeTarget "MusicAppsUITests" */ = {
			isa = XCConfigurationList;
			buildConfigurations = (
				13F9152F2B91F5C20097598D /* Debug */,
				13F915302B91F5C20097598D /* Release */,
			);
			defaultConfigurationIsVisible = 0;
			defaultConfigurationName = Release;
		};
/* End XCConfigurationList section */
	};
	rootObject = 13F914F62B91F5BA0097598D /* Project object */;
}
